// !$*UTF8*$!
{
	archiveVersion = 1;
	classes = {
	};
	objectVersion = 45;
	objects = {

/* Begin PBXBuildFile section */
		573C950C0E957B07004965B6 /* Foundation.framework in Frameworks */ = {isa = PBXBuildFile; fileRef = 0867D69BFE84028FC02AAC07 /* Foundation.framework */; };
		573C951C0E957B16004965B6 /* git-pack.c in Sources */ = {isa = PBXBuildFile; fileRef = 573C950E0E957B16004965B6 /* git-pack.c */; };
		573C951D0E957B16004965B6 /* git-pack.h in Headers */ = {isa = PBXBuildFile; fileRef = 573C950F0E957B16004965B6 /* git-pack.h */; };
		573C951E0E957B16004965B6 /* GITCommit.h in Headers */ = {isa = PBXBuildFile; fileRef = 573C95100E957B16004965B6 /* GITCommit.h */; settings = {ATTRIBUTES = (Public, ); }; };
		573C951F0E957B16004965B6 /* GITCommit.m in Sources */ = {isa = PBXBuildFile; fileRef = 573C95110E957B16004965B6 /* GITCommit.m */; };
		573C95200E957B16004965B6 /* GITObject.h in Headers */ = {isa = PBXBuildFile; fileRef = 573C95120E957B16004965B6 /* GITObject.h */; settings = {ATTRIBUTES = (Public, ); }; };
		573C95210E957B16004965B6 /* GITObject.m in Sources */ = {isa = PBXBuildFile; fileRef = 573C95130E957B16004965B6 /* GITObject.m */; };
		573C95220E957B16004965B6 /* GITRepo.h in Headers */ = {isa = PBXBuildFile; fileRef = 573C95140E957B16004965B6 /* GITRepo.h */; settings = {ATTRIBUTES = (Public, ); }; };
		573C95230E957B16004965B6 /* GITRepo.m in Sources */ = {isa = PBXBuildFile; fileRef = 573C95150E957B16004965B6 /* GITRepo.m */; };
		573C95240E957B16004965B6 /* GITServerHandler.h in Headers */ = {isa = PBXBuildFile; fileRef = 573C95160E957B16004965B6 /* GITServerHandler.h */; settings = {ATTRIBUTES = (Public, ); }; };
		573C95250E957B16004965B6 /* GITServerHandler.m in Sources */ = {isa = PBXBuildFile; fileRef = 573C95170E957B16004965B6 /* GITServerHandler.m */; };
		573C95260E957B16004965B6 /* GITTree.h in Headers */ = {isa = PBXBuildFile; fileRef = 573C95180E957B16004965B6 /* GITTree.h */; settings = {ATTRIBUTES = (Public, ); }; };
		573C95270E957B16004965B6 /* GITTree.m in Sources */ = {isa = PBXBuildFile; fileRef = 573C95190E957B16004965B6 /* GITTree.m */; };
		573C95280E957B16004965B6 /* NSDataCompression.h in Headers */ = {isa = PBXBuildFile; fileRef = 573C951A0E957B16004965B6 /* NSDataCompression.h */; };
		573C95290E957B16004965B6 /* NSDataCompression.m in Sources */ = {isa = PBXBuildFile; fileRef = 573C951B0E957B16004965B6 /* NSDataCompression.m */; };
		573C952D0E957B55004965B6 /* NSFileManager-DirHelpers.h in Headers */ = {isa = PBXBuildFile; fileRef = 573C952B0E957B55004965B6 /* NSFileManager-DirHelpers.h */; };
		573C952E0E957B55004965B6 /* NSFileManager-DirHelpers.m in Sources */ = {isa = PBXBuildFile; fileRef = 573C952C0E957B55004965B6 /* NSFileManager-DirHelpers.m */; };
		573C953C0E957BE1004965B6 /* libz.dylib in Frameworks */ = {isa = PBXBuildFile; fileRef = 573C953B0E957BE1004965B6 /* libz.dylib */; };
		573C95910E95870D004965B6 /* ObjectiveGit.h in Headers */ = {isa = PBXBuildFile; fileRef = 573C95900E95870D004965B6 /* ObjectiveGit.h */; settings = {ATTRIBUTES = (Public, ); }; };
/* End PBXBuildFile section */

/* Begin PBXCopyFilesBuildPhase section */
		573C959A0E958756004965B6 /* CopyFiles */ = {
			isa = PBXCopyFilesBuildPhase;
			buildActionMask = 2147483647;
			dstPath = "";
			dstSubfolderSpec = 7;
			files = (
			);
			runOnlyForDeploymentPostprocessing = 0;
		};
/* End PBXCopyFilesBuildPhase section */

/* Begin PBXFileReference section */
		0867D69BFE84028FC02AAC07 /* Foundation.framework */ = {isa = PBXFileReference; lastKnownFileType = wrapper.framework; name = Foundation.framework; path = /System/Library/Frameworks/Foundation.framework; sourceTree = "<absolute>"; };
		573C950E0E957B16004965B6 /* git-pack.c */ = {isa = PBXFileReference; fileEncoding = 4; lastKnownFileType = sourcecode.c.c; name = "git-pack.c"; path = "src/git-pack.c"; sourceTree = "<group>"; };
		573C950F0E957B16004965B6 /* git-pack.h */ = {isa = PBXFileReference; fileEncoding = 4; lastKnownFileType = sourcecode.c.h; name = "git-pack.h"; path = "src/git-pack.h"; sourceTree = "<group>"; };
		573C95100E957B16004965B6 /* GITCommit.h */ = {isa = PBXFileReference; fileEncoding = 4; lastKnownFileType = sourcecode.c.h; name = GITCommit.h; path = src/GITCommit.h; sourceTree = "<group>"; };
		573C95110E957B16004965B6 /* GITCommit.m */ = {isa = PBXFileReference; fileEncoding = 4; lastKnownFileType = sourcecode.c.objc; name = GITCommit.m; path = src/GITCommit.m; sourceTree = "<group>"; };
		573C95120E957B16004965B6 /* GITObject.h */ = {isa = PBXFileReference; fileEncoding = 4; lastKnownFileType = sourcecode.c.h; name = GITObject.h; path = src/GITObject.h; sourceTree = "<group>"; };
		573C95130E957B16004965B6 /* GITObject.m */ = {isa = PBXFileReference; fileEncoding = 4; lastKnownFileType = sourcecode.c.objc; name = GITObject.m; path = src/GITObject.m; sourceTree = "<group>"; };
		573C95140E957B16004965B6 /* GITRepo.h */ = {isa = PBXFileReference; fileEncoding = 4; lastKnownFileType = sourcecode.c.h; name = GITRepo.h; path = src/GITRepo.h; sourceTree = "<group>"; };
		573C95150E957B16004965B6 /* GITRepo.m */ = {isa = PBXFileReference; fileEncoding = 4; lastKnownFileType = sourcecode.c.objc; name = GITRepo.m; path = src/GITRepo.m; sourceTree = "<group>"; };
		573C95160E957B16004965B6 /* GITServerHandler.h */ = {isa = PBXFileReference; fileEncoding = 4; lastKnownFileType = sourcecode.c.h; name = GITServerHandler.h; path = src/GITServerHandler.h; sourceTree = "<group>"; };
		573C95170E957B16004965B6 /* GITServerHandler.m */ = {isa = PBXFileReference; fileEncoding = 4; lastKnownFileType = sourcecode.c.objc; name = GITServerHandler.m; path = src/GITServerHandler.m; sourceTree = "<group>"; };
		573C95180E957B16004965B6 /* GITTree.h */ = {isa = PBXFileReference; fileEncoding = 4; lastKnownFileType = sourcecode.c.h; name = GITTree.h; path = src/GITTree.h; sourceTree = "<group>"; };
		573C95190E957B16004965B6 /* GITTree.m */ = {isa = PBXFileReference; fileEncoding = 4; lastKnownFileType = sourcecode.c.objc; name = GITTree.m; path = src/GITTree.m; sourceTree = "<group>"; };
		573C951A0E957B16004965B6 /* NSDataCompression.h */ = {isa = PBXFileReference; fileEncoding = 4; lastKnownFileType = sourcecode.c.h; name = NSDataCompression.h; path = src/NSDataCompression.h; sourceTree = "<group>"; };
		573C951B0E957B16004965B6 /* NSDataCompression.m */ = {isa = PBXFileReference; fileEncoding = 4; lastKnownFileType = sourcecode.c.objc; name = NSDataCompression.m; path = src/NSDataCompression.m; sourceTree = "<group>"; };
		573C952B0E957B55004965B6 /* NSFileManager-DirHelpers.h */ = {isa = PBXFileReference; fileEncoding = 4; lastKnownFileType = sourcecode.c.h; name = "NSFileManager-DirHelpers.h"; path = "src/NSFileManager-DirHelpers.h"; sourceTree = "<group>"; };
		573C952C0E957B55004965B6 /* NSFileManager-DirHelpers.m */ = {isa = PBXFileReference; fileEncoding = 4; lastKnownFileType = sourcecode.c.objc; name = "NSFileManager-DirHelpers.m"; path = "src/NSFileManager-DirHelpers.m"; sourceTree = "<group>"; };
		573C953B0E957BE1004965B6 /* libz.dylib */ = {isa = PBXFileReference; lastKnownFileType = "compiled.mach-o.dylib"; name = libz.dylib; path = usr/lib/libz.dylib; sourceTree = SDKROOT; };
		573C95900E95870D004965B6 /* ObjectiveGit.h */ = {isa = PBXFileReference; fileEncoding = 4; lastKnownFileType = sourcecode.c.h; name = ObjectiveGit.h; path = src/ObjectiveGit.h; sourceTree = "<group>"; };
		8DC2EF5A0486A6940098B216 /* Info.plist */ = {isa = PBXFileReference; fileEncoding = 4; lastKnownFileType = text.plist.xml; path = Info.plist; sourceTree = "<group>"; };
		8DC2EF5B0486A6940098B216 /* ObjectiveGit.framework */ = {isa = PBXFileReference; explicitFileType = wrapper.framework; includeInIndex = 0; path = ObjectiveGit.framework; sourceTree = BUILT_PRODUCTS_DIR; };
/* End PBXFileReference section */

/* Begin PBXFrameworksBuildPhase section */
		8DC2EF560486A6940098B216 /* Frameworks */ = {
			isa = PBXFrameworksBuildPhase;
			buildActionMask = 2147483647;
			files = (
				573C950C0E957B07004965B6 /* Foundation.framework in Frameworks */,
				573C953C0E957BE1004965B6 /* libz.dylib in Frameworks */,
			);
			runOnlyForDeploymentPostprocessing = 0;
		};
/* End PBXFrameworksBuildPhase section */

/* Begin PBXGroup section */
		034768DFFF38A50411DB9C8B /* Products */ = {
			isa = PBXGroup;
			children = (
				8DC2EF5B0486A6940098B216 /* ObjectiveGit.framework */,
			);
			name = Products;
			sourceTree = "<group>";
		};
		0867D691FE84028FC02AAC07 /* ObjectiveGit */ = {
			isa = PBXGroup;
			children = (
				573C953B0E957BE1004965B6 /* libz.dylib */,
				08FB77AEFE84172EC02AAC07 /* Classes */,
				32C88DFF0371C24200C91783 /* Other Sources */,
				089C1665FE841158C02AAC07 /* Resources */,
				0867D69AFE84028FC02AAC07 /* External Frameworks and Libraries */,
				034768DFFF38A50411DB9C8B /* Products */,
			);
			name = ObjectiveGit;
			sourceTree = "<group>";
		};
		0867D69AFE84028FC02AAC07 /* External Frameworks and Libraries */ = {
			isa = PBXGroup;
			children = (
				1058C7B0FEA5585E11CA2CBB /* Linked Frameworks */,
				1058C7B2FEA5585E11CA2CBB /* Other Frameworks */,
			);
			name = "External Frameworks and Libraries";
			sourceTree = "<group>";
		};
		089C1665FE841158C02AAC07 /* Resources */ = {
			isa = PBXGroup;
			children = (
				8DC2EF5A0486A6940098B216 /* Info.plist */,
			);
			name = Resources;
			sourceTree = "<group>";
		};
		08FB77AEFE84172EC02AAC07 /* Classes */ = {
			isa = PBXGroup;
			children = (
				573C952B0E957B55004965B6 /* NSFileManager-DirHelpers.h */,
				573C952C0E957B55004965B6 /* NSFileManager-DirHelpers.m */,
				573C950E0E957B16004965B6 /* git-pack.c */,
				573C950F0E957B16004965B6 /* git-pack.h */,
				573C95100E957B16004965B6 /* GITCommit.h */,
				573C95110E957B16004965B6 /* GITCommit.m */,
				573C95120E957B16004965B6 /* GITObject.h */,
				573C95130E957B16004965B6 /* GITObject.m */,
				573C95140E957B16004965B6 /* GITRepo.h */,
				573C95150E957B16004965B6 /* GITRepo.m */,
				573C95160E957B16004965B6 /* GITServerHandler.h */,
				573C95170E957B16004965B6 /* GITServerHandler.m */,
				573C95180E957B16004965B6 /* GITTree.h */,
				573C95190E957B16004965B6 /* GITTree.m */,
				573C951A0E957B16004965B6 /* NSDataCompression.h */,
				573C951B0E957B16004965B6 /* NSDataCompression.m */,
				573C95900E95870D004965B6 /* ObjectiveGit.h */,
			);
			name = Classes;
			sourceTree = "<group>";
		};
		1058C7B0FEA5585E11CA2CBB /* Linked Frameworks */ = {
			isa = PBXGroup;
			children = (
				0867D69BFE84028FC02AAC07 /* Foundation.framework */,
			);
			name = "Linked Frameworks";
			sourceTree = "<group>";
		};
		1058C7B2FEA5585E11CA2CBB /* Other Frameworks */ = {
			isa = PBXGroup;
			children = (
			);
			name = "Other Frameworks";
			sourceTree = "<group>";
		};
		32C88DFF0371C24200C91783 /* Other Sources */ = {
			isa = PBXGroup;
			children = (
			);
			name = "Other Sources";
			sourceTree = "<group>";
		};
/* End PBXGroup section */

/* Begin PBXHeadersBuildPhase section */
		8DC2EF500486A6940098B216 /* Headers */ = {
			isa = PBXHeadersBuildPhase;
			buildActionMask = 2147483647;
			files = (
				573C951D0E957B16004965B6 /* git-pack.h in Headers */,
				573C951E0E957B16004965B6 /* GITCommit.h in Headers */,
				573C95200E957B16004965B6 /* GITObject.h in Headers */,
				573C95220E957B16004965B6 /* GITRepo.h in Headers */,
				573C95240E957B16004965B6 /* GITServerHandler.h in Headers */,
				573C95260E957B16004965B6 /* GITTree.h in Headers */,
				573C95280E957B16004965B6 /* NSDataCompression.h in Headers */,
				573C952D0E957B55004965B6 /* NSFileManager-DirHelpers.h in Headers */,
				573C95910E95870D004965B6 /* ObjectiveGit.h in Headers */,
			);
			runOnlyForDeploymentPostprocessing = 0;
		};
/* End PBXHeadersBuildPhase section */

/* Begin PBXNativeTarget section */
		8DC2EF4F0486A6940098B216 /* ObjectiveGit */ = {
			isa = PBXNativeTarget;
			buildConfigurationList = 1DEB91AD08733DA50010E9CD /* Build configuration list for PBXNativeTarget "ObjectiveGit" */;
			buildPhases = (
				8DC2EF500486A6940098B216 /* Headers */,
				8DC2EF520486A6940098B216 /* Resources */,
				8DC2EF540486A6940098B216 /* Sources */,
				8DC2EF560486A6940098B216 /* Frameworks */,
				573C959A0E958756004965B6 /* CopyFiles */,
			);
			buildRules = (
			);
			dependencies = (
			);
			name = ObjectiveGit;
			productInstallPath = "$(HOME)/Library/Frameworks";
			productName = ObjectiveGit;
			productReference = 8DC2EF5B0486A6940098B216 /* ObjectiveGit.framework */;
			productType = "com.apple.product-type.framework";
		};
/* End PBXNativeTarget section */

/* Begin PBXProject section */
		0867D690FE84028FC02AAC07 /* Project object */ = {
			isa = PBXProject;
			buildConfigurationList = 1DEB91B108733DA50010E9CD /* Build configuration list for PBXProject "ObjectiveGit" */;
			compatibilityVersion = "Xcode 3.1";
			hasScannedForEncodings = 1;
			mainGroup = 0867D691FE84028FC02AAC07 /* ObjectiveGit */;
			productRefGroup = 034768DFFF38A50411DB9C8B /* Products */;
			projectDirPath = "";
			projectRoot = "";
			targets = (
				8DC2EF4F0486A6940098B216 /* ObjectiveGit */,
			);
		};
/* End PBXProject section */

/* Begin PBXResourcesBuildPhase section */
		8DC2EF520486A6940098B216 /* Resources */ = {
			isa = PBXResourcesBuildPhase;
			buildActionMask = 2147483647;
			files = (
			);
			runOnlyForDeploymentPostprocessing = 0;
		};
/* End PBXResourcesBuildPhase section */

/* Begin PBXSourcesBuildPhase section */
		8DC2EF540486A6940098B216 /* Sources */ = {
			isa = PBXSourcesBuildPhase;
			buildActionMask = 2147483647;
			files = (
				573C951C0E957B16004965B6 /* git-pack.c in Sources */,
				573C951F0E957B16004965B6 /* GITCommit.m in Sources */,
				573C95210E957B16004965B6 /* GITObject.m in Sources */,
				573C95230E957B16004965B6 /* GITRepo.m in Sources */,
				573C95250E957B16004965B6 /* GITServerHandler.m in Sources */,
				573C95270E957B16004965B6 /* GITTree.m in Sources */,
				573C95290E957B16004965B6 /* NSDataCompression.m in Sources */,
				573C952E0E957B55004965B6 /* NSFileManager-DirHelpers.m in Sources */,
			);
			runOnlyForDeploymentPostprocessing = 0;
		};
/* End PBXSourcesBuildPhase section */

/* Begin XCBuildConfiguration section */
		1DEB91AE08733DA50010E9CD /* Debug */ = {
			isa = XCBuildConfiguration;
			buildSettings = {
				ALWAYS_SEARCH_USER_PATHS = NO;
				COPY_PHASE_STRIP = NO;
				DYLIB_COMPATIBILITY_VERSION = 1;
				DYLIB_CURRENT_VERSION = 1;
				FRAMEWORK_VERSION = A;
				GCC_DYNAMIC_NO_PIC = NO;
				GCC_ENABLE_FIX_AND_CONTINUE = YES;
				GCC_MODEL_TUNING = G5;
				GCC_OPTIMIZATION_LEVEL = 0;
				GCC_PRECOMPILE_PREFIX_HEADER = YES;
				GCC_PREFIX_HEADER = "";
				INFOPLIST_FILE = Info.plist;
				INSTALL_PATH = "@executable_path/../Frameworks";
				PRODUCT_NAME = ObjectiveGit;
				WRAPPER_EXTENSION = framework;
			};
			name = Debug;
		};
		1DEB91AF08733DA50010E9CD /* Release */ = {
			isa = XCBuildConfiguration;
			buildSettings = {
				ALWAYS_SEARCH_USER_PATHS = NO;
				DEBUG_INFORMATION_FORMAT = "dwarf-with-dsym";
				DYLIB_COMPATIBILITY_VERSION = 1;
				DYLIB_CURRENT_VERSION = 1;
				FRAMEWORK_VERSION = A;
				GCC_MODEL_TUNING = G5;
				GCC_PRECOMPILE_PREFIX_HEADER = YES;
				GCC_PREFIX_HEADER = ObjectiveGit_Prefix.pch;
				INFOPLIST_FILE = Info.plist;
				INSTALL_PATH = "$(HOME)/Library/Frameworks";
				PRODUCT_NAME = ObjectiveGit;
				WRAPPER_EXTENSION = framework;
			};
			name = Release;
		};
		1DEB91B208733DA50010E9CD /* Debug */ = {
			isa = XCBuildConfiguration;
			buildSettings = {
				ARCHS = "$(ARCHS_STANDARD_32_BIT)";
				GCC_C_LANGUAGE_STANDARD = c99;
				GCC_ENABLE_SYMBOL_SEPARATION = YES;
				GCC_OPTIMIZATION_LEVEL = 0;
				GCC_USE_GCC3_PFE_SUPPORT = YES;
				GCC_WARN_ABOUT_RETURN_TYPE = YES;
				GCC_WARN_UNUSED_VARIABLE = YES;
				ONLY_ACTIVE_ARCH = YES;
				PREBINDING = NO;
				SDKROOT = macosx10.5;
			};
			name = Debug;
		};
		1DEB91B308733DA50010E9CD /* Release */ = {
			isa = XCBuildConfiguration;
			buildSettings = {
				ARCHS = "$(ARCHS_STANDARD_32_BIT)";
				GCC_C_LANGUAGE_STANDARD = c99;
				GCC_WARN_ABOUT_RETURN_TYPE = YES;
				GCC_WARN_UNUSED_VARIABLE = YES;
				PREBINDING = NO;
				SDKROOT = macosx10.5;
			};
			name = Release;
		};
/* End XCBuildConfiguration section */

/* Begin XCConfigurationList section */
		1DEB91AD08733DA50010E9CD /* Build configuration list for PBXNativeTarget "ObjectiveGit" */ = {
			isa = XCConfigurationList;
			buildConfigurations = (
				1DEB91AE08733DA50010E9CD /* Debug */,
				1DEB91AF08733DA50010E9CD /* Release */,
			);
			defaultConfigurationIsVisible = 0;
			defaultConfigurationName = Release;
		};
		1DEB91B108733DA50010E9CD /* Build configuration list for PBXProject "ObjectiveGit" */ = {
			isa = XCConfigurationList;
			buildConfigurations = (
				1DEB91B208733DA50010E9CD /* Debug */,
				1DEB91B308733DA50010E9CD /* Release */,
			);
			defaultConfigurationIsVisible = 0;
			defaultConfigurationName = Release;
		};
/* End XCConfigurationList section */
	};
	rootObject = 0867D690FE84028FC02AAC07 /* Project object */;
}
